
Microsoft Visual Studio Solution File, Format Version 12.00
# Visual Studio Version 17
VisualStudioVersion = 17.5.002.0
MinimumVisualStudioVersion = 10.0.40219.1
Project("{9A19103F-16F7-4668-BE54-9A1E7A4F7556}") = "PhoneNumberAnalysis", "PhoneNumberAnalysis.csproj", "{DAFB1BB9-0CF8-49EF-A692-D29EFEFF799C}"
EndProject
Global
	GlobalSection(SolutionConfigurationPlatforms) = preSolution
		Debug|Any CPU = Debug|Any CPU
		Release|Any CPU = Release|Any CPU
	EndGlobalSection
	GlobalSection(ProjectConfigurationPlatforms) = postSolution
		{DAFB1BB9-0CF8-49EF-A692-D29EFEFF799C}.Debug|Any CPU.ActiveCfg = Debug|Any CPU
		{DAFB1BB9-0CF8-49EF-A692-D29EFEFF799C}.Debug|Any CPU.Build.0 = Debug|Any CPU
		{DAFB1BB9-0CF8-49EF-A692-D29EFEFF799C}.Release|Any CPU.ActiveCfg = Release|Any CPU
		{DAFB1BB9-0CF8-49EF-A692-D29EFEFF799C}.Release|Any CPU.Build.0 = Release|Any CPU
	EndGlobalSection
	GlobalSection(SolutionProperties) = preSolution
		HideSolutionNode = FALSE
	EndGlobalSection
	GlobalSection(ExtensibilityGlobals) = postSolution
		SolutionGuid = {9A4D0EDF-9B09-4F2B-9359-C61BBECF8083}
	EndGlobalSection
EndGlobal
